filippo.io/edwards25519 v1.2.0 h1:crnVqOiS4jqYleHd9vaKZ+HKtHfllngJIiOpNpoJsjo=
filippo.io/edwards25519 v1.2.0/go.mod h1:xzAOLCNug/yB62zG1bQ8uziwrIqIuxhctzJT18Q77mc=
github.com/decred/dcrd/dcrec/secp256k1/v4 v4.4.1 h1:5RVFMOWjMyRy8cARdy79nAmgYw3hK/4HUq48LQ6Wwqo=
github.com/decred/dcrd/dcrec/secp256k1/v4 v4.4.1/go.mod h1:ZXNYxsqcloTdSy/rNShjYzMhyjf0LaoftYK0p+A3h40=
github.com/gtank/ristretto255 v0.2.0 h1:LeOuWr6giplWkkMizx2emfG03SRPJqKt1nfIHLVHQ/0=
github.com/gtank/ristretto255 v0.2.0/go.mod h1:OJ1ox/dWcp7sJ5grYDcZ+kkHYuj5nelW5aaL7ESVXBw=
github.com/klauspost/cpuid/v2 v2.3.0 h1:S4CRMLnYUhGeDFDqkGriYKdfoFlDnMtqTiI/sFzhA9Y=
github.com/klauspost/cpuid/v2 v2.3.0/go.mod h1:hqwkgyIinND0mEev00jJYCxPNVRVXFQeu1XKlok6oO0=
github.com/luxfi/math v1.4.0 h1:/sb7Grw3hfO+5INWAWdB95jTvCeXg8fSQxsxDzcFtd4=
github.com/luxfi/math v1.4.0/go.mod h1:iW0FOCC8qF2mPE+MakG780CAHA83848lb1L04thA1Pg=
github.com/zeebo/assert v1.1.0 h1:hU1L1vLTHsnO8x8c9KAR5GmM5QscxHg5RNU5z5qbUWY=
github.com/zeebo/assert v1.1.0/go.mod h1:Pq9JiuJQpG8JLJdtkwrJESF0Foym2/D9XMU5ciN/wJ0=
github.com/zeebo/blake3 v0.2.4 h1:KYQPkhpRtcqh0ssGYcKLG1JYvddkEA8QwCM/yBqhaZI=
github.com/zeebo/blake3 v0.2.4/go.mod h1:7eeQ6d2iXWRGF6npfaxl2CU+xy2Fjo2gxeyZGCRUjcE=
github.com/zeebo/pcg v1.0.1 h1:lyqfGeWiv4ahac6ttHs+I5hwtH/+1mrhlCtVNQM2kHo=
github.com/zeebo/pcg v1.0.1/go.mod h1:09F0S9iiKrwn9rlI5yjLkmrug154/YRW6KnnXVDM/l4=
golang.org/x/crypto v0.49.0 h1:+Ng2ULVvLHnJ/ZFEq4KdcDd/cfjrrjjNSXNzxg0Y4U4=
golang.org/x/crypto v0.49.0/go.mod h1:ErX4dUh2UM+CFYiXZRTcMpEcN8b/1gxEuv3nODoYtCA=
golang.org/x/sys v0.42.0 h1:omrd2nAlyT5ESRdCLYdm3+fMfNFE/+Rf4bDIQImRJeo=
golang.org/x/sys v0.42.0/go.mod h1:4GL1E5IUh+htKOUEOaiffhrAeqysfVGipDYzABqnCmw=
